
Microsoft Visual Studio Solution File, Format Version 12.00
# Visual Studio Version 17
VisualStudioVersion = 17.7.34009.444
MinimumVisualStudioVersion = 10.0.40219.1
Project("{9A19103F-16F7-4668-BE54-9A1E7A4F7556}") = "NQueenQuestion", "NQueenQuestion\NQueenQuestion.csproj", "{D454AF0D-AAA8-406F-B693-1FFCD5D12C69}"
EndProject
Global
	GlobalSection(SolutionConfigurationPlatforms) = preSolution
		Debug|Any CPU = Debug|Any CPU
		Release|Any CPU = Release|Any CPU
	EndGlobalSection
	GlobalSection(ProjectConfigurationPlatforms) = postSolution
		{D454AF0D-AAA8-406F-B693-1FFCD5D12C69}.Debug|Any CPU.ActiveCfg = Debug|Any CPU
		{D454AF0D-AAA8-406F-B693-1FFCD5D12C69}.Debug|Any CPU.Build.0 = Debug|Any CPU
		{D454AF0D-AAA8-406F-B693-1FFCD5D12C69}.Release|Any CPU.ActiveCfg = Release|Any CPU
		{D454AF0D-AAA8-406F-B693-1FFCD5D12C69}.Release|Any CPU.Build.0 = Release|Any CPU
	EndGlobalSection
	GlobalSection(SolutionProperties) = preSolution
		HideSolutionNode = FALSE
	EndGlobalSection
	GlobalSection(ExtensibilityGlobals) = postSolution
		SolutionGuid = {54272B1C-6B65-41B8-B488-5DAA1E80FB5F}
	EndGlobalSection
EndGlobal
